{
  "nodes": {
    "flake-parts": {
      "inputs": {
        "nixpkgs-lib": [
          "nixvim",
          "nixpkgs"
        ]
      },
      "locked": {
<<<<<<< HEAD
        "lastModified": 1760948891,
        "narHash": "sha256-TmWcdiUUaWk8J4lpjzu4gCGxWY6/Ok7mOK4fIFfBuU4=",
        "owner": "hercules-ci",
        "repo": "flake-parts",
        "rev": "864599284fc7c0ba6357ed89ed5e2cd5040f0c04",
=======
        "lastModified": 1762980239,
        "narHash": "sha256-8oNVE8TrD19ulHinjaqONf9QWCKK+w4url56cdStMpM=",
        "owner": "hercules-ci",
        "repo": "flake-parts",
        "rev": "52a2caecc898d0b46b2b905f058ccc5081f842da",
>>>>>>> 039914709b60d7f40bf729b41df705787cd7df57
        "type": "github"
      },
      "original": {
        "owner": "hercules-ci",
        "repo": "flake-parts",
        "type": "github"
      }
    },
    "flake-utils": {
      "inputs": {
        "systems": "systems"
      },
      "locked": {
        "lastModified": 1731533236,
        "narHash": "sha256-l0KFg5HjrsfsO/JpG+r7fRrqm12kzFHyUHqHCVpMMbI=",
        "owner": "numtide",
        "repo": "flake-utils",
        "rev": "11707dc2f618dd54ca8739b309ec4fc024de578b",
        "type": "github"
      },
      "original": {
        "owner": "numtide",
        "repo": "flake-utils",
        "type": "github"
      }
    },
    "home-manager": {
      "inputs": {
        "nixpkgs": "nixpkgs"
      },
      "locked": {
<<<<<<< HEAD
        "lastModified": 1762351818,
        "narHash": "sha256-0ptUDbYwxv1kk/uzEX4+NJjY2e16MaAhtzAOJ6K0TG0=",
        "owner": "nix-community",
        "repo": "home-manager",
        "rev": "b959c67241cae17fc9e4ee7eaf13dfa8512477ea",
=======
        "lastModified": 1763416652,
        "narHash": "sha256-8EBEEvtzQ11LCxpQHMNEBQAGtQiCu/pqP9zSovDSbNM=",
        "owner": "nix-community",
        "repo": "home-manager",
        "rev": "ea164b7c9ccdc2321379c2ff78fd4317b4c41312",
>>>>>>> 039914709b60d7f40bf729b41df705787cd7df57
        "type": "github"
      },
      "original": {
        "owner": "nix-community",
        "repo": "home-manager",
        "type": "github"
      }
    },
    "home-manager_2": {
      "inputs": {
        "nixpkgs": [
          "zen-browser",
          "nixpkgs"
        ]
      },
      "locked": {
<<<<<<< HEAD
        "lastModified": 1762351818,
        "narHash": "sha256-0ptUDbYwxv1kk/uzEX4+NJjY2e16MaAhtzAOJ6K0TG0=",
        "owner": "nix-community",
        "repo": "home-manager",
        "rev": "b959c67241cae17fc9e4ee7eaf13dfa8512477ea",
=======
        "lastModified": 1762964643,
        "narHash": "sha256-RYHN8O/Aja59XDji6WSJZPkJpYVUfpSkyH+PEupBJqM=",
        "owner": "nix-community",
        "repo": "home-manager",
        "rev": "827f2a23373a774a8805f84ca5344654c31f354b",
>>>>>>> 039914709b60d7f40bf729b41df705787cd7df57
        "type": "github"
      },
      "original": {
        "owner": "nix-community",
        "repo": "home-manager",
        "type": "github"
      }
    },
    "ixx": {
      "inputs": {
        "flake-utils": [
          "nixvim",
          "nuschtosSearch",
          "flake-utils"
        ],
        "nixpkgs": [
          "nixvim",
          "nuschtosSearch",
          "nixpkgs"
        ]
      },
      "locked": {
        "lastModified": 1754860581,
        "narHash": "sha256-EM0IE63OHxXCOpDHXaTyHIOk2cNvMCGPqLt/IdtVxgk=",
        "owner": "NuschtOS",
        "repo": "ixx",
        "rev": "babfe85a876162c4acc9ab6fb4483df88fa1f281",
        "type": "github"
      },
      "original": {
        "owner": "NuschtOS",
        "ref": "v0.1.1",
        "repo": "ixx",
        "type": "github"
      }
    },
    "nixpkgs": {
      "locked": {
        "lastModified": 1762111121,
        "narHash": "sha256-4vhDuZ7OZaZmKKrnDpxLZZpGIJvAeMtK6FKLJYUtAdw=",
        "owner": "NixOS",
        "repo": "nixpkgs",
        "rev": "b3d51a0365f6695e7dd5cdf3e180604530ed33b4",
        "type": "github"
      },
      "original": {
        "owner": "NixOS",
        "ref": "nixos-unstable",
        "repo": "nixpkgs",
        "type": "github"
      }
    },
    "nixpkgs_2": {
      "locked": {
<<<<<<< HEAD
        "lastModified": 1762111121,
        "narHash": "sha256-4vhDuZ7OZaZmKKrnDpxLZZpGIJvAeMtK6FKLJYUtAdw=",
        "owner": "NixOS",
        "repo": "nixpkgs",
        "rev": "b3d51a0365f6695e7dd5cdf3e180604530ed33b4",
=======
        "lastModified": 1763421233,
        "narHash": "sha256-Stk9ZYRkGrnnpyJ4eqt9eQtdFWRRIvMxpNRf4sIegnw=",
        "owner": "NixOS",
        "repo": "nixpkgs",
        "rev": "89c2b2330e733d6cdb5eae7b899326930c2c0648",
>>>>>>> 039914709b60d7f40bf729b41df705787cd7df57
        "type": "github"
      },
      "original": {
        "owner": "NixOS",
        "ref": "nixos-unstable",
        "repo": "nixpkgs",
        "type": "github"
      }
    },
    "nixpkgs_3": {
      "locked": {
<<<<<<< HEAD
        "lastModified": 1761656231,
        "narHash": "sha256-EiED5k6gXTWoAIS8yQqi5mAX6ojnzpHwAQTS3ykeYMg=",
        "owner": "NixOS",
        "repo": "nixpkgs",
        "rev": "e99366c665bdd53b7b500ccdc5226675cfc51f45",
=======
        "lastModified": 1763464769,
        "narHash": "sha256-AJHrsT7VoeQzErpBRlLJM1SODcaayp0joAoEA35yiwM=",
        "owner": "NixOS",
        "repo": "nixpkgs",
        "rev": "6f374686605df381de8541c072038472a5ea2e2d",
>>>>>>> 039914709b60d7f40bf729b41df705787cd7df57
        "type": "github"
      },
      "original": {
        "owner": "NixOS",
        "ref": "nixpkgs-unstable",
        "repo": "nixpkgs",
        "type": "github"
      }
    },
<<<<<<< HEAD
    "nixpkgs_4": {
      "locked": {
        "lastModified": 1762111121,
        "narHash": "sha256-4vhDuZ7OZaZmKKrnDpxLZZpGIJvAeMtK6FKLJYUtAdw=",
        "owner": "nixos",
        "repo": "nixpkgs",
        "rev": "b3d51a0365f6695e7dd5cdf3e180604530ed33b4",
        "type": "github"
      },
      "original": {
        "owner": "nixos",
        "ref": "nixos-unstable",
        "repo": "nixpkgs",
        "type": "github"
      }
    },
=======
>>>>>>> 039914709b60d7f40bf729b41df705787cd7df57
    "nixvim": {
      "inputs": {
        "flake-parts": "flake-parts",
        "nixpkgs": "nixpkgs_3",
        "nuschtosSearch": "nuschtosSearch",
        "systems": "systems_2"
      },
      "locked": {
<<<<<<< HEAD
        "lastModified": 1762293638,
        "narHash": "sha256-svsYLbxNq8EZoVtNF97wCAElZ2py5Q1p7viG6lTUixA=",
        "owner": "nix-community",
        "repo": "nixvim",
        "rev": "aa3a1dfb028cd09b8061862f9dd8d859467fc7ed",
=======
        "lastModified": 1763565747,
        "narHash": "sha256-FgCL7pEFgZjaYoiDbY+f9fAwHqgVNSZEkcLUvTnhwHw=",
        "owner": "nix-community",
        "repo": "nixvim",
        "rev": "82bc02466cccb7594aef296aea128b9b59621efe",
>>>>>>> 039914709b60d7f40bf729b41df705787cd7df57
        "type": "github"
      },
      "original": {
        "owner": "nix-community",
        "repo": "nixvim",
        "type": "github"
      }
    },
    "nuschtosSearch": {
      "inputs": {
        "flake-utils": "flake-utils",
        "ixx": "ixx",
        "nixpkgs": [
          "nixvim",
          "nixpkgs"
        ]
      },
      "locked": {
        "lastModified": 1761730856,
        "narHash": "sha256-t1i5p/vSWwueZSC0Z2BImxx3BjoUDNKyC2mk24krcMY=",
        "owner": "NuschtOS",
        "repo": "search",
        "rev": "e29de6db0cb3182e9aee75a3b1fd1919d995d85b",
        "type": "github"
      },
      "original": {
        "owner": "NuschtOS",
        "repo": "search",
        "type": "github"
      }
    },
    "root": {
      "inputs": {
        "home-manager": "home-manager",
        "nixpkgs": "nixpkgs_2",
        "nixvim": "nixvim",
        "zen-browser": "zen-browser"
      }
    },
    "systems": {
      "locked": {
        "lastModified": 1681028828,
        "narHash": "sha256-Vy1rq5AaRuLzOxct8nz4T6wlgyUR7zLU309k9mBC768=",
        "owner": "nix-systems",
        "repo": "default",
        "rev": "da67096a3b9bf56a91d16901293e51ba5b49a27e",
        "type": "github"
      },
      "original": {
        "owner": "nix-systems",
        "repo": "default",
        "type": "github"
      }
    },
    "systems_2": {
      "locked": {
        "lastModified": 1681028828,
        "narHash": "sha256-Vy1rq5AaRuLzOxct8nz4T6wlgyUR7zLU309k9mBC768=",
        "owner": "nix-systems",
        "repo": "default",
        "rev": "da67096a3b9bf56a91d16901293e51ba5b49a27e",
        "type": "github"
      },
      "original": {
        "owner": "nix-systems",
        "repo": "default",
        "type": "github"
      }
    },
    "zen-browser": {
      "inputs": {
        "home-manager": "home-manager_2",
<<<<<<< HEAD
        "nixpkgs": "nixpkgs_4"
      },
      "locked": {
        "lastModified": 1762363692,
        "narHash": "sha256-EuNgwhBI8LDDsEkPpOfnZLzvEdKtPmlZxIZKe0GXbqA=",
        "owner": "0xc000022070",
        "repo": "zen-browser-flake",
        "rev": "8c6c037d72944da0e327c4bfe1cf5ce9ff0eeba4",
=======
        "nixpkgs": [
          "nixpkgs"
        ]
      },
      "locked": {
        "lastModified": 1763521945,
        "narHash": "sha256-Zcrafbe4niRJMbzaVOwg7+iedJhwBFttre2DpyCC6qA=",
        "owner": "0xc000022070",
        "repo": "zen-browser-flake",
        "rev": "24d7381b9231c23daceec5d372cc28e877f7785d",
>>>>>>> 039914709b60d7f40bf729b41df705787cd7df57
        "type": "github"
      },
      "original": {
        "owner": "0xc000022070",
        "repo": "zen-browser-flake",
        "type": "github"
      }
    }
  },
  "root": "root",
  "version": 7
}
